<?xml version="1.0" encoding="utf-8"?>
<Project ToolsVersion="4.0" xmlns="http://schemas.microsoft.com/developer/msbuild/2003">
  <ItemGroup>
    <Filter Include="libs">
      <UniqueIdentifier>{2F149A7C-1B4B-9B0D-C437-8110B04D170F}</UniqueIdentifier>
    </Filter>
    <Filter Include="libs\SPIRV-Reflect">
      <UniqueIdentifier>{A4D4D790-90B8-98E6-F918-9339E51B8368}</UniqueIdentifier>
    </Filter>
    <Filter Include="src">
      <UniqueIdentifier>{2DAB880B-99B4-887C-2230-9F7C8E38947C}</UniqueIdentifier>
    </Filter>
  </ItemGroup>
  <ItemGroup>
    <ClInclude Include="Volcano\libs\SPIRV-Reflect\spirv_reflect.h">
      <Filter>libs\SPIRV-Reflect</Filter>
    </ClInclude>
    <ClInclude Include="Volcano\src\commandpool.h">
      <Filter>src</Filter>
    </ClInclude>
    <ClInclude Include="Volcano\src\descriptorSet.h">
      <Filter>src</Filter>
    </ClInclude>
    <ClInclude Include="Volcano\src\devices.h">
      <Filter>src</Filter>
    </ClInclude>
    <ClInclude Include="Volcano\src\draw.h">
      <Filter>src</Filter>
    </ClInclude>
    <ClInclude Include="Volcano\src\errorCatch.h">
      <Filter>src</Filter>
    </ClInclude>
    <ClInclude Include="Volcano\src\globalVulkan.h">
      <Filter>src</Filter>
    </ClInclude>
    <ClInclude Include="Volcano\src\instance.h">
      <Filter>src</Filter>
    </ClInclude>
    <ClInclude Include="Volcano\src\renderpass.h">
      <Filter>src</Filter>
    </ClInclude>
    <ClInclude Include="Volcano\src\shader.h">
      <Filter>src</Filter>
    </ClInclude>
    <ClInclude Include="Volcano\src\source.h">
      <Filter>src</Filter>
    </ClInclude>
    <ClInclude Include="Volcano\src\swapchain.h">
      <Filter>src</Filter>
    </ClInclude>
    <ClInclude Include="Volcano\src\validationLayers.h">
      <Filter>src</Filter>
    </ClInclude>
    <ClInclude Include="Volcano\src\vertexbuffer.h">
      <Filter>src</Filter>
    </ClInclude>
    <ClInclude Include="Volcano\src\window.h">
      <Filter>src</Filter>
    </ClInclude>
  </ItemGroup>
  <ItemGroup>
    <ClCompile Include="Volcano\libs\SPIRV-Reflect\spirv_reflect.c">
      <Filter>libs\SPIRV-Reflect</Filter>
    </ClCompile>
    <ClCompile Include="Volcano\src\commandpool.cpp">
      <Filter>src</Filter>
    </ClCompile>
    <ClCompile Include="Volcano\src\descriptorSet.cpp">
      <Filter>src</Filter>
    </ClCompile>
    <ClCompile Include="Volcano\src\devices.cpp">
      <Filter>src</Filter>
    </ClCompile>
    <ClCompile Include="Volcano\src\draw.cpp">
      <Filter>src</Filter>
    </ClCompile>
    <ClCompile Include="Volcano\src\errorCatch.cpp">
      <Filter>src</Filter>
    </ClCompile>
    <ClCompile Include="Volcano\src\instance.cpp">
      <Filter>src</Filter>
    </ClCompile>
    <ClCompile Include="Volcano\src\renderpass.cpp">
      <Filter>src</Filter>
    </ClCompile>
    <ClCompile Include="Volcano\src\shader.cpp">
      <Filter>src</Filter>
    </ClCompile>
    <ClCompile Include="Volcano\src\source.cpp">
      <Filter>src</Filter>
    </ClCompile>
    <ClCompile Include="Volcano\src\swapchain.cpp">
      <Filter>src</Filter>
    </ClCompile>
    <ClCompile Include="Volcano\src\validationLayers.cpp">
      <Filter>src</Filter>
    </ClCompile>
    <ClCompile Include="Volcano\src\vertexbuffer.cpp">
      <Filter>src</Filter>
    </ClCompile>
    <ClCompile Include="Volcano\src\window.cpp">
      <Filter>src</Filter>
    </ClCompile>
  </ItemGroup>
</Project>